{
  "name": "@serikoff/helpers",
  "version": "1.0.0",
  "lockfileVersion": 1,
  "requires": true,
  "dependencies": {
    "helpers": {
      "version": "0.0.6",
      "resolved": "https://registry.npmjs.org/helpers/-/helpers-0.0.6.tgz",
      "integrity": "sha1-t8yaRv/6h3+NWORHyLjnS4MOCKk="
    }
  }
}
